
Microsoft Visual Studio Solution File, Format Version 12.00
# Visual Studio 15
VisualStudioVersion = 15.0.27703.2018
MinimumVisualStudioVersion = 10.0.40219.1
Project("{9A19103F-16F7-4668-BE54-9A1E7A4F7556}") = "Logging.Azure.Storage", "src\Logging.Azure.Storage\Logging.Azure.Storage.csproj", "{212CF420-3C3F-45A8-AEB6-66B5FDCCB2F0}"
EndProject
Global
	GlobalSection(SolutionConfigurationPlatforms) = preSolution
		Debug|Any CPU = Debug|Any CPU
		Release|Any CPU = Release|Any CPU
	EndGlobalSection
	GlobalSection(ProjectConfigurationPlatforms) = postSolution
		{212CF420-3C3F-45A8-AEB6-66B5FDCCB2F0}.Debug|Any CPU.ActiveCfg = Debug|Any CPU
		{212CF420-3C3F-45A8-AEB6-66B5FDCCB2F0}.Debug|Any CPU.Build.0 = Debug|Any CPU
		{212CF420-3C3F-45A8-AEB6-66B5FDCCB2F0}.Release|Any CPU.ActiveCfg = Release|Any CPU
		{212CF420-3C3F-45A8-AEB6-66B5FDCCB2F0}.Release|Any CPU.Build.0 = Release|Any CPU
	EndGlobalSection
	GlobalSection(SolutionProperties) = preSolution
		HideSolutionNode = FALSE
	EndGlobalSection
	GlobalSection(ExtensibilityGlobals) = postSolution
		SolutionGuid = {96872B17-161A-4B9E-8B91-42772E8399A4}
	EndGlobalSection
EndGlobal
